{
  "nodes": {
    "flake-utils": {
      "locked": {
        "lastModified": 1676283394,
        "narHash": "sha256-XX2f9c3iySLCw54rJ/CZs+ZK6IQy7GXNY4nSOyu2QG4=",
        "owner": "numtide",
        "repo": "flake-utils",
        "rev": "3db36a8b464d0c4532ba1c7dda728f4576d6d073",
        "type": "github"
      },
      "original": {
        "owner": "numtide",
        "repo": "flake-utils",
        "type": "github"
      }
    },
    "nixpkgs": {
      "locked": {
        "lastModified": 1677080879,
        "narHash": "sha256-0SjW4/d3Rkw6C7hHZ5lxT4r6Pw9vzQb6Il6zYWwe2Bo=",
        "owner": "NixOS",
        "repo": "nixpkgs",
        "rev": "f5dad40450d272a1ea2413f4a67ac08760649e89",
        "type": "github"
      },
      "original": {
        "owner": "NixOS",
        "repo": "nixpkgs",
        "type": "github"
      }
    },
    "root": {
      "inputs": {
        "flake-utils": "flake-utils",
        "nixpkgs": "nixpkgs",
        "ruby-flake-utils": "ruby-flake-utils"
      }
    },
    "ruby-flake-utils": {
      "locked": {
        "lastModified": 1677082262,
        "narHash": "sha256-dZI8fo1YsveOwlB7UDG+RaW/t8KWT0ruTFx6ZFGthx8=",
        "owner": "t3rro",
        "repo": "ruby-flake-utils",
        "rev": "50200db6d01b569608fec06731fc23041cc2ff21",
        "type": "github"
      },
      "original": {
        "owner": "t3rro",
        "repo": "ruby-flake-utils",
        "type": "github"
      }
    }
  },
  "root": "root",
  "version": 7
}
