{
  "nodes": {
    "flake-utils": {
      "locked": {
        "lastModified": 1676283394,
        "narHash": "sha256-XX2f9c3iySLCw54rJ/CZs+ZK6IQy7GXNY4nSOyu2QG4=",
        "owner": "numtide",
        "repo": "flake-utils",
        "rev": "3db36a8b464d0c4532ba1c7dda728f4576d6d073",
        "type": "github"
      },
      "original": {
        "owner": "numtide",
        "repo": "flake-utils",
        "type": "github"
      }
    },
    "nixpkgs": {
      "locked": {
        "lastModified": 1677088406,
        "narHash": "sha256-NWTlBr3biNZHCXxedFbObDvwgr8wj680KN6vn7w5BnI=",
        "owner": "NixOS",
        "repo": "nixpkgs",
        "rev": "2308c637ef1b66ad718a5418501b196c4c3243c8",
        "type": "github"
      },
      "original": {
        "owner": "NixOS",
        "repo": "nixpkgs",
        "type": "github"
      }
    },
    "root": {
      "inputs": {
        "nixpkgs": "nixpkgs",
        "ruby-flake-utils": "ruby-flake-utils"
      }
    },
    "ruby-flake-utils": {
      "inputs": {
        "flake-utils": "flake-utils"
      },
      "locked": {
        "lastModified": 1677088845,
        "narHash": "sha256-UtSRK6WqPJ1xIwnOHRRRaq8kG+hoWgrbo8ZOcaQYFbI=",
        "owner": "t3rro",
        "repo": "ruby-flake-utils",
        "rev": "2fe947d07c1fb585c58d46ad79b3b01fb6528e2e",
        "type": "github"
      },
      "original": {
        "owner": "t3rro",
        "repo": "ruby-flake-utils",
        "type": "github"
      }
    }
  },
  "root": "root",
  "version": 7
}
